// !$*UTF8*$!
{
	archiveVersion = 1;
	classes = {
	};
	objectVersion = 56;
	objects = {

/* Begin PBXBuildFile section */
		34BA518429E6FAB600A2975E /* AppDelegate.swift in Sources */ = {isa = PBXBuildFile; fileRef = 34BA518329E6FAB600A2975E /* AppDelegate.swift */; };
		34BA518629E6FAB600A2975E /* SceneDelegate.swift in Sources */ = {isa = PBXBuildFile; fileRef = 34BA518529E6FAB600A2975E /* SceneDelegate.swift */; };
		34BA518929E6FAB600A2975E /* LaunchScreen.storyboard in Resources */ = {isa = PBXBuildFile; fileRef = 34BA518729E6FAB600A2975E /* LaunchScreen.storyboard */; };
		34BA518C29E6FAB600A2975E /* Main.storyboard in Resources */ = {isa = PBXBuildFile; fileRef = 34BA518A29E6FAB600A2975E /* Main.storyboard */; };
		34BA519529E6FAB600A2975E /* AppDelegate.swift in Sources */ = {isa = PBXBuildFile; fileRef = 34BA519429E6FAB600A2975E /* AppDelegate.swift */; };
		34BA519829E6FAB600A2975E /* Main.storyboard in Resources */ = {isa = PBXBuildFile; fileRef = 34BA519629E6FAB600A2975E /* Main.storyboard */; };
		34BA519F29E6FAB600A2975E /* ASLIntepreter Extension.appex in Embed Foundation Extensions */ = {isa = PBXBuildFile; fileRef = 34BA519E29E6FAB600A2975E /* ASLIntepreter Extension.appex */; settings = {ATTRIBUTES = (RemoveHeadersOnCopy, ); }; };
		34BA51A929E6FAB600A2975E /* ASLIntepreter Extension.appex in Embed Foundation Extensions */ = {isa = PBXBuildFile; fileRef = 34BA51A829E6FAB600A2975E /* ASLIntepreter Extension.appex */; settings = {ATTRIBUTES = (RemoveHeadersOnCopy, ); }; };
		34BA51AF29E6FAB600A2975E /* Main.html in Resources */ = {isa = PBXBuildFile; fileRef = 34BA516A29E6FAB200A2975E /* Main.html */; };
		34BA51B029E6FAB600A2975E /* Main.html in Resources */ = {isa = PBXBuildFile; fileRef = 34BA516A29E6FAB200A2975E /* Main.html */; };
		34BA51B129E6FAB600A2975E /* Icon.png in Resources */ = {isa = PBXBuildFile; fileRef = 34BA516C29E6FAB200A2975E /* Icon.png */; };
		34BA51B229E6FAB600A2975E /* Icon.png in Resources */ = {isa = PBXBuildFile; fileRef = 34BA516C29E6FAB200A2975E /* Icon.png */; };
		34BA51B329E6FAB600A2975E /* Style.css in Resources */ = {isa = PBXBuildFile; fileRef = 34BA516D29E6FAB200A2975E /* Style.css */; };
		34BA51B429E6FAB600A2975E /* Style.css in Resources */ = {isa = PBXBuildFile; fileRef = 34BA516D29E6FAB200A2975E /* Style.css */; };
		34BA51B529E6FAB600A2975E /* Script.js in Resources */ = {isa = PBXBuildFile; fileRef = 34BA516E29E6FAB200A2975E /* Script.js */; };
		34BA51B629E6FAB600A2975E /* Script.js in Resources */ = {isa = PBXBuildFile; fileRef = 34BA516E29E6FAB200A2975E /* Script.js */; };
		34BA51B729E6FAB600A2975E /* ViewController.swift in Sources */ = {isa = PBXBuildFile; fileRef = 34BA516F29E6FAB200A2975E /* ViewController.swift */; };
		34BA51B829E6FAB600A2975E /* ViewController.swift in Sources */ = {isa = PBXBuildFile; fileRef = 34BA516F29E6FAB200A2975E /* ViewController.swift */; };
		34BA51B929E6FAB600A2975E /* Assets.xcassets in Resources */ = {isa = PBXBuildFile; fileRef = 34BA517029E6FAB600A2975E /* Assets.xcassets */; };
		34BA51BA29E6FAB600A2975E /* Assets.xcassets in Resources */ = {isa = PBXBuildFile; fileRef = 34BA517029E6FAB600A2975E /* Assets.xcassets */; };
		34BA51BB29E6FAB600A2975E /* SafariWebExtensionHandler.swift in Sources */ = {isa = PBXBuildFile; fileRef = 34BA517229E6FAB600A2975E /* SafariWebExtensionHandler.swift */; };
		34BA51BC29E6FAB600A2975E /* SafariWebExtensionHandler.swift in Sources */ = {isa = PBXBuildFile; fileRef = 34BA517229E6FAB600A2975E /* SafariWebExtensionHandler.swift */; };
		34BA51BD29E6FAB600A2975E /* _locales in Resources */ = {isa = PBXBuildFile; fileRef = 34BA517429E6FAB600A2975E /* _locales */; };
		34BA51BE29E6FAB600A2975E /* _locales in Resources */ = {isa = PBXBuildFile; fileRef = 34BA517429E6FAB600A2975E /* _locales */; };
		34BA51BF29E6FAB600A2975E /* images in Resources */ = {isa = PBXBuildFile; fileRef = 34BA517529E6FAB600A2975E /* images */; };
		34BA51C029E6FAB600A2975E /* images in Resources */ = {isa = PBXBuildFile; fileRef = 34BA517529E6FAB600A2975E /* images */; };
		34BA51C129E6FAB600A2975E /* manifest.json in Resources */ = {isa = PBXBuildFile; fileRef = 34BA517629E6FAB600A2975E /* manifest.json */; };
		34BA51C229E6FAB600A2975E /* manifest.json in Resources */ = {isa = PBXBuildFile; fileRef = 34BA517629E6FAB600A2975E /* manifest.json */; };
		34BA51C329E6FAB600A2975E /* background.js in Resources */ = {isa = PBXBuildFile; fileRef = 34BA517729E6FAB600A2975E /* background.js */; };
		34BA51C429E6FAB600A2975E /* background.js in Resources */ = {isa = PBXBuildFile; fileRef = 34BA517729E6FAB600A2975E /* background.js */; };
		34BA51C529E6FAB600A2975E /* content.js in Resources */ = {isa = PBXBuildFile; fileRef = 34BA517829E6FAB600A2975E /* content.js */; };
		34BA51C629E6FAB600A2975E /* content.js in Resources */ = {isa = PBXBuildFile; fileRef = 34BA517829E6FAB600A2975E /* content.js */; };
		34BA51C729E6FAB600A2975E /* popup.html in Resources */ = {isa = PBXBuildFile; fileRef = 34BA517929E6FAB600A2975E /* popup.html */; };
		34BA51C829E6FAB600A2975E /* popup.html in Resources */ = {isa = PBXBuildFile; fileRef = 34BA517929E6FAB600A2975E /* popup.html */; };
		34BA51C929E6FAB600A2975E /* popup.css in Resources */ = {isa = PBXBuildFile; fileRef = 34BA517A29E6FAB600A2975E /* popup.css */; };
		34BA51CA29E6FAB600A2975E /* popup.css in Resources */ = {isa = PBXBuildFile; fileRef = 34BA517A29E6FAB600A2975E /* popup.css */; };
		34BA51CB29E6FAB600A2975E /* popup.js in Resources */ = {isa = PBXBuildFile; fileRef = 34BA517B29E6FAB600A2975E /* popup.js */; };
		34BA51CC29E6FAB600A2975E /* popup.js in Resources */ = {isa = PBXBuildFile; fileRef = 34BA517B29E6FAB600A2975E /* popup.js */; };
/* End PBXBuildFile section */

/* Begin PBXContainerItemProxy section */
		34BA51A029E6FAB600A2975E /* PBXContainerItemProxy */ = {
			isa = PBXContainerItemProxy;
			containerPortal = 34BA516429E6FAB200A2975E /* Project object */;
			proxyType = 1;
			remoteGlobalIDString = 34BA519D29E6FAB600A2975E;
			remoteInfo = "ASLIntepreter Extension (iOS)";
		};
		34BA51AA29E6FAB600A2975E /* PBXContainerItemProxy */ = {
			isa = PBXContainerItemProxy;
			containerPortal = 34BA516429E6FAB200A2975E /* Project object */;
			proxyType = 1;
			remoteGlobalIDString = 34BA51A729E6FAB600A2975E;
			remoteInfo = "ASLIntepreter Extension (macOS)";
		};
/* End PBXContainerItemProxy section */

/* Begin PBXCopyFilesBuildPhase section */
		34BA51D229E6FAB600A2975E /* Embed Foundation Extensions */ = {
			isa = PBXCopyFilesBuildPhase;
			buildActionMask = 2147483647;
			dstPath = "";
			dstSubfolderSpec = 13;
			files = (
				34BA519F29E6FAB600A2975E /* ASLIntepreter Extension.appex in Embed Foundation Extensions */,
			);
			name = "Embed Foundation Extensions";
			runOnlyForDeploymentPostprocessing = 0;
		};
		34BA51D929E6FAB600A2975E /* Embed Foundation Extensions */ = {
			isa = PBXCopyFilesBuildPhase;
			buildActionMask = 2147483647;
			dstPath = "";
			dstSubfolderSpec = 13;
			files = (
				34BA51A929E6FAB600A2975E /* ASLIntepreter Extension.appex in Embed Foundation Extensions */,
			);
			name = "Embed Foundation Extensions";
			runOnlyForDeploymentPostprocessing = 0;
		};
/* End PBXCopyFilesBuildPhase section */

/* Begin PBXFileReference section */
		34BA516B29E6FAB200A2975E /* Base */ = {isa = PBXFileReference; lastKnownFileType = text.html; name = Base; path = ../Base.lproj/Main.html; sourceTree = "<group>"; };
		34BA516C29E6FAB200A2975E /* Icon.png */ = {isa = PBXFileReference; lastKnownFileType = image.png; path = Icon.png; sourceTree = "<group>"; };
		34BA516D29E6FAB200A2975E /* Style.css */ = {isa = PBXFileReference; lastKnownFileType = text.css; path = Style.css; sourceTree = "<group>"; };
		34BA516E29E6FAB200A2975E /* Script.js */ = {isa = PBXFileReference; lastKnownFileType = sourcecode.javascript; path = Script.js; sourceTree = "<group>"; };
		34BA516F29E6FAB200A2975E /* ViewController.swift */ = {isa = PBXFileReference; lastKnownFileType = sourcecode.swift; path = ViewController.swift; sourceTree = "<group>"; };
		34BA517029E6FAB600A2975E /* Assets.xcassets */ = {isa = PBXFileReference; lastKnownFileType = folder.assetcatalog; path = Assets.xcassets; sourceTree = "<group>"; };
		34BA517229E6FAB600A2975E /* SafariWebExtensionHandler.swift */ = {isa = PBXFileReference; lastKnownFileType = sourcecode.swift; path = SafariWebExtensionHandler.swift; sourceTree = "<group>"; };
		34BA517429E6FAB600A2975E /* _locales */ = {isa = PBXFileReference; lastKnownFileType = folder; path = _locales; sourceTree = "<group>"; };
		34BA517529E6FAB600A2975E /* images */ = {isa = PBXFileReference; lastKnownFileType = folder; path = images; sourceTree = "<group>"; };
		34BA517629E6FAB600A2975E /* manifest.json */ = {isa = PBXFileReference; lastKnownFileType = text.json; path = manifest.json; sourceTree = "<group>"; };
		34BA517729E6FAB600A2975E /* background.js */ = {isa = PBXFileReference; lastKnownFileType = sourcecode.javascript; path = background.js; sourceTree = "<group>"; };
		34BA517829E6FAB600A2975E /* content.js */ = {isa = PBXFileReference; lastKnownFileType = sourcecode.javascript; path = content.js; sourceTree = "<group>"; };
		34BA517929E6FAB600A2975E /* popup.html */ = {isa = PBXFileReference; lastKnownFileType = text.html; path = popup.html; sourceTree = "<group>"; };
		34BA517A29E6FAB600A2975E /* popup.css */ = {isa = PBXFileReference; lastKnownFileType = text.css; path = popup.css; sourceTree = "<group>"; };
		34BA517B29E6FAB600A2975E /* popup.js */ = {isa = PBXFileReference; lastKnownFileType = sourcecode.javascript; path = popup.js; sourceTree = "<group>"; };
		34BA518029E6FAB600A2975E /* ASLIntepreter.app */ = {isa = PBXFileReference; explicitFileType = wrapper.application; includeInIndex = 0; path = ASLIntepreter.app; sourceTree = BUILT_PRODUCTS_DIR; };
		34BA518329E6FAB600A2975E /* AppDelegate.swift */ = {isa = PBXFileReference; lastKnownFileType = sourcecode.swift; path = AppDelegate.swift; sourceTree = "<group>"; };
		34BA518529E6FAB600A2975E /* SceneDelegate.swift */ = {isa = PBXFileReference; lastKnownFileType = sourcecode.swift; path = SceneDelegate.swift; sourceTree = "<group>"; };
		34BA518829E6FAB600A2975E /* Base */ = {isa = PBXFileReference; lastKnownFileType = file.storyboard; name = Base; path = Base.lproj/LaunchScreen.storyboard; sourceTree = "<group>"; };
		34BA518B29E6FAB600A2975E /* Base */ = {isa = PBXFileReference; lastKnownFileType = file.storyboard; name = Base; path = Base.lproj/Main.storyboard; sourceTree = "<group>"; };
		34BA518D29E6FAB600A2975E /* Info.plist */ = {isa = PBXFileReference; lastKnownFileType = text.plist.xml; path = Info.plist; sourceTree = "<group>"; };
		34BA519229E6FAB600A2975E /* ASLIntepreter.app */ = {isa = PBXFileReference; explicitFileType = wrapper.application; includeInIndex = 0; path = ASLIntepreter.app; sourceTree = BUILT_PRODUCTS_DIR; };
		34BA519429E6FAB600A2975E /* AppDelegate.swift */ = {isa = PBXFileReference; lastKnownFileType = sourcecode.swift; path = AppDelegate.swift; sourceTree = "<group>"; };
		34BA519729E6FAB600A2975E /* Base */ = {isa = PBXFileReference; lastKnownFileType = file.storyboard; name = Base; path = Base.lproj/Main.storyboard; sourceTree = "<group>"; };
		34BA519929E6FAB600A2975E /* ASLIntepreter.entitlements */ = {isa = PBXFileReference; lastKnownFileType = text.plist.entitlements; path = ASLIntepreter.entitlements; sourceTree = "<group>"; };
		34BA519E29E6FAB600A2975E /* ASLIntepreter Extension.appex */ = {isa = PBXFileReference; explicitFileType = "wrapper.app-extension"; includeInIndex = 0; path = "ASLIntepreter Extension.appex"; sourceTree = BUILT_PRODUCTS_DIR; };
		34BA51A329E6FAB600A2975E /* Info.plist */ = {isa = PBXFileReference; lastKnownFileType = text.plist.xml; path = Info.plist; sourceTree = "<group>"; };
		34BA51A829E6FAB600A2975E /* ASLIntepreter Extension.appex */ = {isa = PBXFileReference; explicitFileType = "wrapper.app-extension"; includeInIndex = 0; path = "ASLIntepreter Extension.appex"; sourceTree = BUILT_PRODUCTS_DIR; };
		34BA51AD29E6FAB600A2975E /* Info.plist */ = {isa = PBXFileReference; lastKnownFileType = text.plist.xml; path = Info.plist; sourceTree = "<group>"; };
		34BA51AE29E6FAB600A2975E /* ASLIntepreter.entitlements */ = {isa = PBXFileReference; lastKnownFileType = text.plist.entitlements; path = ASLIntepreter.entitlements; sourceTree = "<group>"; };
/* End PBXFileReference section */

/* Begin PBXFrameworksBuildPhase section */
		34BA517D29E6FAB600A2975E /* Frameworks */ = {
			isa = PBXFrameworksBuildPhase;
			buildActionMask = 2147483647;
			files = (
			);
			runOnlyForDeploymentPostprocessing = 0;
		};
		34BA518F29E6FAB600A2975E /* Frameworks */ = {
			isa = PBXFrameworksBuildPhase;
			buildActionMask = 2147483647;
			files = (
			);
			runOnlyForDeploymentPostprocessing = 0;
		};
		34BA519B29E6FAB600A2975E /* Frameworks */ = {
			isa = PBXFrameworksBuildPhase;
			buildActionMask = 2147483647;
			files = (
			);
			runOnlyForDeploymentPostprocessing = 0;
		};
		34BA51A529E6FAB600A2975E /* Frameworks */ = {
			isa = PBXFrameworksBuildPhase;
			buildActionMask = 2147483647;
			files = (
			);
			runOnlyForDeploymentPostprocessing = 0;
		};
/* End PBXFrameworksBuildPhase section */

/* Begin PBXGroup section */
		34BA516329E6FAB200A2975E = {
			isa = PBXGroup;
			children = (
				34BA516829E6FAB200A2975E /* Shared (App) */,
				34BA517129E6FAB600A2975E /* Shared (Extension) */,
				34BA518229E6FAB600A2975E /* iOS (App) */,
				34BA519329E6FAB600A2975E /* macOS (App) */,
				34BA51A229E6FAB600A2975E /* iOS (Extension) */,
				34BA51AC29E6FAB600A2975E /* macOS (Extension) */,
				34BA518129E6FAB600A2975E /* Products */,
			);
			sourceTree = "<group>";
		};
		34BA516829E6FAB200A2975E /* Shared (App) */ = {
			isa = PBXGroup;
			children = (
				34BA516F29E6FAB200A2975E /* ViewController.swift */,
				34BA517029E6FAB600A2975E /* Assets.xcassets */,
				34BA516929E6FAB200A2975E /* Resources */,
			);
			path = "Shared (App)";
			sourceTree = "<group>";
		};
		34BA516929E6FAB200A2975E /* Resources */ = {
			isa = PBXGroup;
			children = (
				34BA516A29E6FAB200A2975E /* Main.html */,
				34BA516C29E6FAB200A2975E /* Icon.png */,
				34BA516D29E6FAB200A2975E /* Style.css */,
				34BA516E29E6FAB200A2975E /* Script.js */,
			);
			path = Resources;
			sourceTree = "<group>";
		};
		34BA517129E6FAB600A2975E /* Shared (Extension) */ = {
			isa = PBXGroup;
			children = (
				34BA517229E6FAB600A2975E /* SafariWebExtensionHandler.swift */,
				34BA517329E6FAB600A2975E /* Resources */,
			);
			path = "Shared (Extension)";
			sourceTree = "<group>";
		};
		34BA517329E6FAB600A2975E /* Resources */ = {
			isa = PBXGroup;
			children = (
				34BA517429E6FAB600A2975E /* _locales */,
				34BA517529E6FAB600A2975E /* images */,
				34BA517629E6FAB600A2975E /* manifest.json */,
				34BA517729E6FAB600A2975E /* background.js */,
				34BA517829E6FAB600A2975E /* content.js */,
				34BA517929E6FAB600A2975E /* popup.html */,
				34BA517A29E6FAB600A2975E /* popup.css */,
				34BA517B29E6FAB600A2975E /* popup.js */,
			);
			path = Resources;
			sourceTree = "<group>";
		};
		34BA518129E6FAB600A2975E /* Products */ = {
			isa = PBXGroup;
			children = (
				34BA518029E6FAB600A2975E /* ASLIntepreter.app */,
				34BA519229E6FAB600A2975E /* ASLIntepreter.app */,
				34BA519E29E6FAB600A2975E /* ASLIntepreter Extension.appex */,
				34BA51A829E6FAB600A2975E /* ASLIntepreter Extension.appex */,
			);
			name = Products;
			sourceTree = "<group>";
		};
		34BA518229E6FAB600A2975E /* iOS (App) */ = {
			isa = PBXGroup;
			children = (
				34BA518329E6FAB600A2975E /* AppDelegate.swift */,
				34BA518529E6FAB600A2975E /* SceneDelegate.swift */,
				34BA518729E6FAB600A2975E /* LaunchScreen.storyboard */,
				34BA518A29E6FAB600A2975E /* Main.storyboard */,
				34BA518D29E6FAB600A2975E /* Info.plist */,
			);
			path = "iOS (App)";
			sourceTree = "<group>";
		};
		34BA519329E6FAB600A2975E /* macOS (App) */ = {
			isa = PBXGroup;
			children = (
				34BA519429E6FAB600A2975E /* AppDelegate.swift */,
				34BA519629E6FAB600A2975E /* Main.storyboard */,
				34BA519929E6FAB600A2975E /* ASLIntepreter.entitlements */,
			);
			path = "macOS (App)";
			sourceTree = "<group>";
		};
		34BA51A229E6FAB600A2975E /* iOS (Extension) */ = {
			isa = PBXGroup;
			children = (
				34BA51A329E6FAB600A2975E /* Info.plist */,
			);
			path = "iOS (Extension)";
			sourceTree = "<group>";
		};
		34BA51AC29E6FAB600A2975E /* macOS (Extension) */ = {
			isa = PBXGroup;
			children = (
				34BA51AD29E6FAB600A2975E /* Info.plist */,
				34BA51AE29E6FAB600A2975E /* ASLIntepreter.entitlements */,
			);
			path = "macOS (Extension)";
			sourceTree = "<group>";
		};
/* End PBXGroup section */

/* Begin PBXNativeTarget section */
		34BA517F29E6FAB600A2975E /* ASLIntepreter (iOS) */ = {
			isa = PBXNativeTarget;
			buildConfigurationList = 34BA51D329E6FAB600A2975E /* Build configuration list for PBXNativeTarget "ASLIntepreter (iOS)" */;
			buildPhases = (
				34BA517C29E6FAB600A2975E /* Sources */,
				34BA517D29E6FAB600A2975E /* Frameworks */,
				34BA517E29E6FAB600A2975E /* Resources */,
				34BA51D229E6FAB600A2975E /* Embed Foundation Extensions */,
			);
			buildRules = (
			);
			dependencies = (
				34BA51A129E6FAB600A2975E /* PBXTargetDependency */,
			);
			name = "ASLIntepreter (iOS)";
			productName = "ASLIntepreter (iOS)";
			productReference = 34BA518029E6FAB600A2975E /* ASLIntepreter.app */;
			productType = "com.apple.product-type.application";
		};
		34BA519129E6FAB600A2975E /* ASLIntepreter (macOS) */ = {
			isa = PBXNativeTarget;
			buildConfigurationList = 34BA51DA29E6FAB600A2975E /* Build configuration list for PBXNativeTarget "ASLIntepreter (macOS)" */;
			buildPhases = (
				34BA518E29E6FAB600A2975E /* Sources */,
				34BA518F29E6FAB600A2975E /* Frameworks */,
				34BA519029E6FAB600A2975E /* Resources */,
				34BA51D929E6FAB600A2975E /* Embed Foundation Extensions */,
			);
			buildRules = (
			);
			dependencies = (
				34BA51AB29E6FAB600A2975E /* PBXTargetDependency */,
			);
			name = "ASLIntepreter (macOS)";
			productName = "ASLIntepreter (macOS)";
			productReference = 34BA519229E6FAB600A2975E /* ASLIntepreter.app */;
			productType = "com.apple.product-type.application";
		};
		34BA519D29E6FAB600A2975E /* ASLIntepreter Extension (iOS) */ = {
			isa = PBXNativeTarget;
			buildConfigurationList = 34BA51CF29E6FAB600A2975E /* Build configuration list for PBXNativeTarget "ASLIntepreter Extension (iOS)" */;
			buildPhases = (
				34BA519A29E6FAB600A2975E /* Sources */,
				34BA519B29E6FAB600A2975E /* Frameworks */,
				34BA519C29E6FAB600A2975E /* Resources */,
			);
			buildRules = (
			);
			dependencies = (
			);
			name = "ASLIntepreter Extension (iOS)";
			productName = "ASLIntepreter Extension (iOS)";
			productReference = 34BA519E29E6FAB600A2975E /* ASLIntepreter Extension.appex */;
			productType = "com.apple.product-type.app-extension";
		};
		34BA51A729E6FAB600A2975E /* ASLIntepreter Extension (macOS) */ = {
			isa = PBXNativeTarget;
			buildConfigurationList = 34BA51D629E6FAB600A2975E /* Build configuration list for PBXNativeTarget "ASLIntepreter Extension (macOS)" */;
			buildPhases = (
				34BA51A429E6FAB600A2975E /* Sources */,
				34BA51A529E6FAB600A2975E /* Frameworks */,
				34BA51A629E6FAB600A2975E /* Resources */,
			);
			buildRules = (
			);
			dependencies = (
			);
			name = "ASLIntepreter Extension (macOS)";
			productName = "ASLIntepreter Extension (macOS)";
			productReference = 34BA51A829E6FAB600A2975E /* ASLIntepreter Extension.appex */;
			productType = "com.apple.product-type.app-extension";
		};
/* End PBXNativeTarget section */

/* Begin PBXProject section */
		34BA516429E6FAB200A2975E /* Project object */ = {
			isa = PBXProject;
			attributes = {
				BuildIndependentTargetsInParallel = 1;
				LastSwiftUpdateCheck = 1430;
				LastUpgradeCheck = 1430;
				TargetAttributes = {
					34BA517F29E6FAB600A2975E = {
						CreatedOnToolsVersion = 14.3;
					};
					34BA519129E6FAB600A2975E = {
						CreatedOnToolsVersion = 14.3;
					};
					34BA519D29E6FAB600A2975E = {
						CreatedOnToolsVersion = 14.3;
					};
					34BA51A729E6FAB600A2975E = {
						CreatedOnToolsVersion = 14.3;
					};
				};
			};
			buildConfigurationList = 34BA516729E6FAB200A2975E /* Build configuration list for PBXProject "ASLIntepreter" */;
			compatibilityVersion = "Xcode 14.0";
			developmentRegion = en;
			hasScannedForEncodings = 0;
			knownRegions = (
				en,
				Base,
			);
			mainGroup = 34BA516329E6FAB200A2975E;
			productRefGroup = 34BA518129E6FAB600A2975E /* Products */;
			projectDirPath = "";
			projectRoot = "";
			targets = (
				34BA517F29E6FAB600A2975E /* ASLIntepreter (iOS) */,
				34BA519129E6FAB600A2975E /* ASLIntepreter (macOS) */,
				34BA519D29E6FAB600A2975E /* ASLIntepreter Extension (iOS) */,
				34BA51A729E6FAB600A2975E /* ASLIntepreter Extension (macOS) */,
			);
		};
/* End PBXProject section */

/* Begin PBXResourcesBuildPhase section */
		34BA517E29E6FAB600A2975E /* Resources */ = {
			isa = PBXResourcesBuildPhase;
			buildActionMask = 2147483647;
			files = (
				34BA51B129E6FAB600A2975E /* Icon.png in Resources */,
				34BA518929E6FAB600A2975E /* LaunchScreen.storyboard in Resources */,
				34BA51AF29E6FAB600A2975E /* Main.html in Resources */,
				34BA51B529E6FAB600A2975E /* Script.js in Resources */,
				34BA51B929E6FAB600A2975E /* Assets.xcassets in Resources */,
				34BA518C29E6FAB600A2975E /* Main.storyboard in Resources */,
				34BA51B329E6FAB600A2975E /* Style.css in Resources */,
			);
			runOnlyForDeploymentPostprocessing = 0;
		};
		34BA519029E6FAB600A2975E /* Resources */ = {
			isa = PBXResourcesBuildPhase;
			buildActionMask = 2147483647;
			files = (
				34BA51B229E6FAB600A2975E /* Icon.png in Resources */,
				34BA51B429E6FAB600A2975E /* Style.css in Resources */,
				34BA519829E6FAB600A2975E /* Main.storyboard in Resources */,
				34BA51B629E6FAB600A2975E /* Script.js in Resources */,
				34BA51BA29E6FAB600A2975E /* Assets.xcassets in Resources */,
				34BA51B029E6FAB600A2975E /* Main.html in Resources */,
			);
			runOnlyForDeploymentPostprocessing = 0;
		};
		34BA519C29E6FAB600A2975E /* Resources */ = {
			isa = PBXResourcesBuildPhase;
			buildActionMask = 2147483647;
			files = (
				34BA51C329E6FAB600A2975E /* background.js in Resources */,
				34BA51C929E6FAB600A2975E /* popup.css in Resources */,
				34BA51C729E6FAB600A2975E /* popup.html in Resources */,
				34BA51BF29E6FAB600A2975E /* images in Resources */,
				34BA51C129E6FAB600A2975E /* manifest.json in Resources */,
				34BA51BD29E6FAB600A2975E /* _locales in Resources */,
				34BA51C529E6FAB600A2975E /* content.js in Resources */,
				34BA51CB29E6FAB600A2975E /* popup.js in Resources */,
			);
			runOnlyForDeploymentPostprocessing = 0;
		};
		34BA51A629E6FAB600A2975E /* Resources */ = {
			isa = PBXResourcesBuildPhase;
			buildActionMask = 2147483647;
			files = (
				34BA51C429E6FAB600A2975E /* background.js in Resources */,
				34BA51CA29E6FAB600A2975E /* popup.css in Resources */,
				34BA51C829E6FAB600A2975E /* popup.html in Resources */,
				34BA51C029E6FAB600A2975E /* images in Resources */,
				34BA51C229E6FAB600A2975E /* manifest.json in Resources */,
				34BA51BE29E6FAB600A2975E /* _locales in Resources */,
				34BA51C629E6FAB600A2975E /* content.js in Resources */,
				34BA51CC29E6FAB600A2975E /* popup.js in Resources */,
			);
			runOnlyForDeploymentPostprocessing = 0;
		};
/* End PBXResourcesBuildPhase section */

/* Begin PBXSourcesBuildPhase section */
		34BA517C29E6FAB600A2975E /* Sources */ = {
			isa = PBXSourcesBuildPhase;
			buildActionMask = 2147483647;
			files = (
				34BA51B729E6FAB600A2975E /* ViewController.swift in Sources */,
				34BA518429E6FAB600A2975E /* AppDelegate.swift in Sources */,
				34BA518629E6FAB600A2975E /* SceneDelegate.swift in Sources */,
			);
			runOnlyForDeploymentPostprocessing = 0;
		};
		34BA518E29E6FAB600A2975E /* Sources */ = {
			isa = PBXSourcesBuildPhase;
			buildActionMask = 2147483647;
			files = (
				34BA51B829E6FAB600A2975E /* ViewController.swift in Sources */,
				34BA519529E6FAB600A2975E /* AppDelegate.swift in Sources */,
			);
			runOnlyForDeploymentPostprocessing = 0;
		};
		34BA519A29E6FAB600A2975E /* Sources */ = {
			isa = PBXSourcesBuildPhase;
			buildActionMask = 2147483647;
			files = (
				34BA51BB29E6FAB600A2975E /* SafariWebExtensionHandler.swift in Sources */,
			);
			runOnlyForDeploymentPostprocessing = 0;
		};
		34BA51A429E6FAB600A2975E /* Sources */ = {
			isa = PBXSourcesBuildPhase;
			buildActionMask = 2147483647;
			files = (
				34BA51BC29E6FAB600A2975E /* SafariWebExtensionHandler.swift in Sources */,
			);
			runOnlyForDeploymentPostprocessing = 0;
		};
/* End PBXSourcesBuildPhase section */

/* Begin PBXTargetDependency section */
		34BA51A129E6FAB600A2975E /* PBXTargetDependency */ = {
			isa = PBXTargetDependency;
			target = 34BA519D29E6FAB600A2975E /* ASLIntepreter Extension (iOS) */;
			targetProxy = 34BA51A029E6FAB600A2975E /* PBXContainerItemProxy */;
		};
		34BA51AB29E6FAB600A2975E /* PBXTargetDependency */ = {
			isa = PBXTargetDependency;
			target = 34BA51A729E6FAB600A2975E /* ASLIntepreter Extension (macOS) */;
			targetProxy = 34BA51AA29E6FAB600A2975E /* PBXContainerItemProxy */;
		};
/* End PBXTargetDependency section */

/* Begin PBXVariantGroup section */
		34BA516A29E6FAB200A2975E /* Main.html */ = {
			isa = PBXVariantGroup;
			children = (
				34BA516B29E6FAB200A2975E /* Base */,
			);
			name = Main.html;
			sourceTree = "<group>";
		};
		34BA518729E6FAB600A2975E /* LaunchScreen.storyboard */ = {
			isa = PBXVariantGroup;
			children = (
				34BA518829E6FAB600A2975E /* Base */,
			);
			name = LaunchScreen.storyboard;
			sourceTree = "<group>";
		};
		34BA518A29E6FAB600A2975E /* Main.storyboard */ = {
			isa = PBXVariantGroup;
			children = (
				34BA518B29E6FAB600A2975E /* Base */,
			);
			name = Main.storyboard;
			sourceTree = "<group>";
		};
		34BA519629E6FAB600A2975E /* Main.storyboard */ = {
			isa = PBXVariantGroup;
			children = (
				34BA519729E6FAB600A2975E /* Base */,
			);
			name = Main.storyboard;
			sourceTree = "<group>";
		};
/* End PBXVariantGroup section */

/* Begin XCBuildConfiguration section */
		34BA51CD29E6FAB600A2975E /* Debug */ = {
			isa = XCBuildConfiguration;
			buildSettings = {
				ALWAYS_SEARCH_USER_PATHS = NO;
				CLANG_ANALYZER_NONNULL = YES;
				CLANG_ANALYZER_NUMBER_OBJECT_CONVERSION = YES_AGGRESSIVE;
				CLANG_CXX_LANGUAGE_STANDARD = "gnu++20";
				CLANG_ENABLE_MODULES = YES;
				CLANG_ENABLE_OBJC_ARC = YES;
				CLANG_ENABLE_OBJC_WEAK = YES;
				CLANG_WARN_BLOCK_CAPTURE_AUTORELEASING = YES;
				CLANG_WARN_BOOL_CONVERSION = YES;
				CLANG_WARN_COMMA = YES;
				CLANG_WARN_CONSTANT_CONVERSION = YES;
				CLANG_WARN_DEPRECATED_OBJC_IMPLEMENTATIONS = YES;
				CLANG_WARN_DIRECT_OBJC_ISA_USAGE = YES_ERROR;
				CLANG_WARN_DOCUMENTATION_COMMENTS = YES;
				CLANG_WARN_EMPTY_BODY = YES;
				CLANG_WARN_ENUM_CONVERSION = YES;
				CLANG_WARN_INFINITE_RECURSION = YES;
				CLANG_WARN_INT_CONVERSION = YES;
				CLANG_WARN_NON_LITERAL_NULL_CONVERSION = YES;
				CLANG_WARN_OBJC_IMPLICIT_RETAIN_SELF = YES;
				CLANG_WARN_OBJC_LITERAL_CONVERSION = YES;
				CLANG_WARN_OBJC_ROOT_CLASS = YES_ERROR;
				CLANG_WARN_QUOTED_INCLUDE_IN_FRAMEWORK_HEADER = YES;
				CLANG_WARN_RANGE_LOOP_ANALYSIS = YES;
				CLANG_WARN_STRICT_PROTOTYPES = YES;
				CLANG_WARN_SUSPICIOUS_MOVE = YES;
				CLANG_WARN_UNGUARDED_AVAILABILITY = YES_AGGRESSIVE;
				CLANG_WARN_UNREACHABLE_CODE = YES;
				CLANG_WARN__DUPLICATE_METHOD_MATCH = YES;
				COPY_PHASE_STRIP = NO;
				DEBUG_INFORMATION_FORMAT = dwarf;
				ENABLE_STRICT_OBJC_MSGSEND = YES;
				ENABLE_TESTABILITY = YES;
				GCC_C_LANGUAGE_STANDARD = gnu11;
				GCC_DYNAMIC_NO_PIC = NO;
				GCC_NO_COMMON_BLOCKS = YES;
				GCC_OPTIMIZATION_LEVEL = 0;
				GCC_PREPROCESSOR_DEFINITIONS = (
					"DEBUG=1",
					"$(inherited)",
				);
				GCC_WARN_64_TO_32_BIT_CONVERSION = YES;
				GCC_WARN_ABOUT_RETURN_TYPE = YES_ERROR;
				GCC_WARN_UNDECLARED_SELECTOR = YES;
				GCC_WARN_UNINITIALIZED_AUTOS = YES_AGGRESSIVE;
				GCC_WARN_UNUSED_FUNCTION = YES;
				GCC_WARN_UNUSED_VARIABLE = YES;
				MTL_ENABLE_DEBUG_INFO = INCLUDE_SOURCE;
				MTL_FAST_MATH = YES;
				ONLY_ACTIVE_ARCH = YES;
				SWIFT_ACTIVE_COMPILATION_CONDITIONS = DEBUG;
				SWIFT_OPTIMIZATION_LEVEL = "-Onone";
			};
			name = Debug;
		};
		34BA51CE29E6FAB600A2975E /* Release */ = {
			isa = XCBuildConfiguration;
			buildSettings = {
				ALWAYS_SEARCH_USER_PATHS = NO;
				CLANG_ANALYZER_NONNULL = YES;
				CLANG_ANALYZER_NUMBER_OBJECT_CONVERSION = YES_AGGRESSIVE;
				CLANG_CXX_LANGUAGE_STANDARD = "gnu++20";
				CLANG_ENABLE_MODULES = YES;
				CLANG_ENABLE_OBJC_ARC = YES;
				CLANG_ENABLE_OBJC_WEAK = YES;
				CLANG_WARN_BLOCK_CAPTURE_AUTORELEASING = YES;
				CLANG_WARN_BOOL_CONVERSION = YES;
				CLANG_WARN_COMMA = YES;
				CLANG_WARN_CONSTANT_CONVERSION = YES;
				CLANG_WARN_DEPRECATED_OBJC_IMPLEMENTATIONS = YES;
				CLANG_WARN_DIRECT_OBJC_ISA_USAGE = YES_ERROR;
				CLANG_WARN_DOCUMENTATION_COMMENTS = YES;
				CLANG_WARN_EMPTY_BODY = YES;
				CLANG_WARN_ENUM_CONVERSION = YES;
				CLANG_WARN_INFINITE_RECURSION = YES;
				CLANG_WARN_INT_CONVERSION = YES;
				CLANG_WARN_NON_LITERAL_NULL_CONVERSION = YES;
				CLANG_WARN_OBJC_IMPLICIT_RETAIN_SELF = YES;
				CLANG_WARN_OBJC_LITERAL_CONVERSION = YES;
				CLANG_WARN_OBJC_ROOT_CLASS = YES_ERROR;
				CLANG_WARN_QUOTED_INCLUDE_IN_FRAMEWORK_HEADER = YES;
				CLANG_WARN_RANGE_LOOP_ANALYSIS = YES;
				CLANG_WARN_STRICT_PROTOTYPES = YES;
				CLANG_WARN_SUSPICIOUS_MOVE = YES;
				CLANG_WARN_UNGUARDED_AVAILABILITY = YES_AGGRESSIVE;
				CLANG_WARN_UNREACHABLE_CODE = YES;
				CLANG_WARN__DUPLICATE_METHOD_MATCH = YES;
				COPY_PHASE_STRIP = NO;
				DEBUG_INFORMATION_FORMAT = "dwarf-with-dsym";
				ENABLE_NS_ASSERTIONS = NO;
				ENABLE_STRICT_OBJC_MSGSEND = YES;
				GCC_C_LANGUAGE_STANDARD = gnu11;
				GCC_NO_COMMON_BLOCKS = YES;
				GCC_WARN_64_TO_32_BIT_CONVERSION = YES;
				GCC_WARN_ABOUT_RETURN_TYPE = YES_ERROR;
				GCC_WARN_UNDECLARED_SELECTOR = YES;
				GCC_WARN_UNINITIALIZED_AUTOS = YES_AGGRESSIVE;
				GCC_WARN_UNUSED_FUNCTION = YES;
				GCC_WARN_UNUSED_VARIABLE = YES;
				MTL_ENABLE_DEBUG_INFO = NO;
				MTL_FAST_MATH = YES;
				SWIFT_COMPILATION_MODE = wholemodule;
				SWIFT_OPTIMIZATION_LEVEL = "-O";
			};
			name = Release;
		};
		34BA51D029E6FAB600A2975E /* Debug */ = {
			isa = XCBuildConfiguration;
			buildSettings = {
				CODE_SIGN_STYLE = Automatic;
				CURRENT_PROJECT_VERSION = 1;
				GENERATE_INFOPLIST_FILE = YES;
				INFOPLIST_FILE = "iOS (Extension)/Info.plist";
				INFOPLIST_KEY_CFBundleDisplayName = "ASLIntepreter Extension";
				INFOPLIST_KEY_NSHumanReadableCopyright = "";
				IPHONEOS_DEPLOYMENT_TARGET = 15.0;
				LD_RUNPATH_SEARCH_PATHS = (
					"$(inherited)",
					"@executable_path/Frameworks",
					"@executable_path/../../Frameworks",
				);
				MARKETING_VERSION = 1.0;
				OTHER_LDFLAGS = (
					"-framework",
					SafariServices,
				);
				PRODUCT_BUNDLE_IDENTIFIER = com.ASLIntepreter.Extension;
				PRODUCT_NAME = "ASLIntepreter Extension";
				SDKROOT = iphoneos;
				SKIP_INSTALL = YES;
				SWIFT_EMIT_LOC_STRINGS = YES;
				SWIFT_VERSION = 5.0;
				TARGETED_DEVICE_FAMILY = "1,2";
			};
			name = Debug;
		};
		34BA51D129E6FAB600A2975E /* Release */ = {
			isa = XCBuildConfiguration;
			buildSettings = {
				CODE_SIGN_STYLE = Automatic;
				CURRENT_PROJECT_VERSION = 1;
				GENERATE_INFOPLIST_FILE = YES;
				INFOPLIST_FILE = "iOS (Extension)/Info.plist";
				INFOPLIST_KEY_CFBundleDisplayName = "ASLIntepreter Extension";
				INFOPLIST_KEY_NSHumanReadableCopyright = "";
				IPHONEOS_DEPLOYMENT_TARGET = 15.0;
				LD_RUNPATH_SEARCH_PATHS = (
					"$(inherited)",
					"@executable_path/Frameworks",
					"@executable_path/../../Frameworks",
				);
				MARKETING_VERSION = 1.0;
				OTHER_LDFLAGS = (
					"-framework",
					SafariServices,
				);
				PRODUCT_BUNDLE_IDENTIFIER = com.ASLIntepreter.Extension;
				PRODUCT_NAME = "ASLIntepreter Extension";
				SDKROOT = iphoneos;
				SKIP_INSTALL = YES;
				SWIFT_EMIT_LOC_STRINGS = YES;
				SWIFT_VERSION = 5.0;
				TARGETED_DEVICE_FAMILY = "1,2";
				VALIDATE_PRODUCT = YES;
			};
			name = Release;
		};
		34BA51D429E6FAB600A2975E /* Debug */ = {
			isa = XCBuildConfiguration;
			buildSettings = {
				ALWAYS_EMBED_SWIFT_STANDARD_LIBRARIES = YES;
				ASSETCATALOG_COMPILER_APPICON_NAME = AppIcon;
				ASSETCATALOG_COMPILER_GLOBAL_ACCENT_COLOR_NAME = AccentColor;
				CODE_SIGN_STYLE = Automatic;
				CURRENT_PROJECT_VERSION = 1;
				GENERATE_INFOPLIST_FILE = YES;
				INFOPLIST_FILE = "iOS (App)/Info.plist";
				INFOPLIST_KEY_CFBundleDisplayName = ASLIntepreter;
				INFOPLIST_KEY_UIApplicationSupportsIndirectInputEvents = YES;
				INFOPLIST_KEY_UILaunchStoryboardName = LaunchScreen;
				INFOPLIST_KEY_UIMainStoryboardFile = Main;
				INFOPLIST_KEY_UISupportedInterfaceOrientations = "UIInterfaceOrientationPortrait UIInterfaceOrientationLandscapeLeft UIInterfaceOrientationLandscapeRight";
				INFOPLIST_KEY_UISupportedInterfaceOrientations_iPad = "UIInterfaceOrientationPortrait UIInterfaceOrientationPortraitUpsideDown UIInterfaceOrientationLandscapeLeft UIInterfaceOrientationLandscapeRight";
				IPHONEOS_DEPLOYMENT_TARGET = 15.0;
				LD_RUNPATH_SEARCH_PATHS = (
					"$(inherited)",
					"@executable_path/Frameworks",
				);
				MARKETING_VERSION = 1.0;
				OTHER_LDFLAGS = (
					"-framework",
					SafariServices,
					"-framework",
					WebKit,
				);
				PRODUCT_BUNDLE_IDENTIFIER = com.ASLIntepreter;
				PRODUCT_NAME = ASLIntepreter;
				SDKROOT = iphoneos;
				SWIFT_EMIT_LOC_STRINGS = YES;
				SWIFT_VERSION = 5.0;
				TARGETED_DEVICE_FAMILY = "1,2";
			};
			name = Debug;
		};
		34BA51D529E6FAB600A2975E /* Release */ = {
			isa = XCBuildConfiguration;
			buildSettings = {
				ALWAYS_EMBED_SWIFT_STANDARD_LIBRARIES = YES;
				ASSETCATALOG_COMPILER_APPICON_NAME = AppIcon;
				ASSETCATALOG_COMPILER_GLOBAL_ACCENT_COLOR_NAME = AccentColor;
				CODE_SIGN_STYLE = Automatic;
				CURRENT_PROJECT_VERSION = 1;
				GENERATE_INFOPLIST_FILE = YES;
				INFOPLIST_FILE = "iOS (App)/Info.plist";
				INFOPLIST_KEY_CFBundleDisplayName = ASLIntepreter;
				INFOPLIST_KEY_UIApplicationSupportsIndirectInputEvents = YES;
				INFOPLIST_KEY_UILaunchStoryboardName = LaunchScreen;
				INFOPLIST_KEY_UIMainStoryboardFile = Main;
				INFOPLIST_KEY_UISupportedInterfaceOrientations = "UIInterfaceOrientationPortrait UIInterfaceOrientationLandscapeLeft UIInterfaceOrientationLandscapeRight";
				INFOPLIST_KEY_UISupportedInterfaceOrientations_iPad = "UIInterfaceOrientationPortrait UIInterfaceOrientationPortraitUpsideDown UIInterfaceOrientationLandscapeLeft UIInterfaceOrientationLandscapeRight";
				IPHONEOS_DEPLOYMENT_TARGET = 15.0;
				LD_RUNPATH_SEARCH_PATHS = (
					"$(inherited)",
					"@executable_path/Frameworks",
				);
				MARKETING_VERSION = 1.0;
				OTHER_LDFLAGS = (
					"-framework",
					SafariServices,
					"-framework",
					WebKit,
				);
				PRODUCT_BUNDLE_IDENTIFIER = com.ASLIntepreter;
				PRODUCT_NAME = ASLIntepreter;
				SDKROOT = iphoneos;
				SWIFT_EMIT_LOC_STRINGS = YES;
				SWIFT_VERSION = 5.0;
				TARGETED_DEVICE_FAMILY = "1,2";
				VALIDATE_PRODUCT = YES;
			};
			name = Release;
		};
		34BA51D729E6FAB600A2975E /* Debug */ = {
			isa = XCBuildConfiguration;
			buildSettings = {
				CODE_SIGN_ENTITLEMENTS = "macOS (Extension)/ASLIntepreter.entitlements";
				CODE_SIGN_STYLE = Automatic;
				CURRENT_PROJECT_VERSION = 1;
				ENABLE_HARDENED_RUNTIME = YES;
				GENERATE_INFOPLIST_FILE = YES;
				INFOPLIST_FILE = "macOS (Extension)/Info.plist";
				INFOPLIST_KEY_CFBundleDisplayName = "ASLIntepreter Extension";
				INFOPLIST_KEY_NSHumanReadableCopyright = "";
				LD_RUNPATH_SEARCH_PATHS = (
					"$(inherited)",
					"@executable_path/../Frameworks",
					"@executable_path/../../../../Frameworks",
				);
				MACOSX_DEPLOYMENT_TARGET = 10.14;
				MARKETING_VERSION = 1.0;
				OTHER_LDFLAGS = (
					"-framework",
					SafariServices,
				);
				PRODUCT_BUNDLE_IDENTIFIER = com.ASLIntepreter.Extension;
				PRODUCT_NAME = "ASLIntepreter Extension";
				SDKROOT = macosx;
				SKIP_INSTALL = YES;
				SWIFT_EMIT_LOC_STRINGS = YES;
				SWIFT_VERSION = 5.0;
			};
			name = Debug;
		};
		34BA51D829E6FAB600A2975E /* Release */ = {
			isa = XCBuildConfiguration;
			buildSettings = {
				CODE_SIGN_ENTITLEMENTS = "macOS (Extension)/ASLIntepreter.entitlements";
				CODE_SIGN_STYLE = Automatic;
				CURRENT_PROJECT_VERSION = 1;
				ENABLE_HARDENED_RUNTIME = YES;
				GENERATE_INFOPLIST_FILE = YES;
				INFOPLIST_FILE = "macOS (Extension)/Info.plist";
				INFOPLIST_KEY_CFBundleDisplayName = "ASLIntepreter Extension";
				INFOPLIST_KEY_NSHumanReadableCopyright = "";
				LD_RUNPATH_SEARCH_PATHS = (
					"$(inherited)",
					"@executable_path/../Frameworks",
					"@executable_path/../../../../Frameworks",
				);
				MACOSX_DEPLOYMENT_TARGET = 10.14;
				MARKETING_VERSION = 1.0;
				OTHER_LDFLAGS = (
					"-framework",
					SafariServices,
				);
				PRODUCT_BUNDLE_IDENTIFIER = com.ASLIntepreter.Extension;
				PRODUCT_NAME = "ASLIntepreter Extension";
				SDKROOT = macosx;
				SKIP_INSTALL = YES;
				SWIFT_EMIT_LOC_STRINGS = YES;
				SWIFT_VERSION = 5.0;
			};
			name = Release;
		};
		34BA51DB29E6FAB600A2975E /* Debug */ = {
			isa = XCBuildConfiguration;
			buildSettings = {
				ALWAYS_EMBED_SWIFT_STANDARD_LIBRARIES = YES;
				ASSETCATALOG_COMPILER_APPICON_NAME = AppIcon;
				ASSETCATALOG_COMPILER_GLOBAL_ACCENT_COLOR_NAME = AccentColor;
				CODE_SIGN_ENTITLEMENTS = "macOS (App)/ASLIntepreter.entitlements";
				CODE_SIGN_STYLE = Automatic;
				CURRENT_PROJECT_VERSION = 1;
				ENABLE_HARDENED_RUNTIME = YES;
				GENERATE_INFOPLIST_FILE = YES;
				INFOPLIST_KEY_CFBundleDisplayName = ASLIntepreter;
				INFOPLIST_KEY_NSMainStoryboardFile = Main;
				INFOPLIST_KEY_NSPrincipalClass = NSApplication;
				LD_RUNPATH_SEARCH_PATHS = (
					"$(inherited)",
					"@executable_path/../Frameworks",
				);
				MACOSX_DEPLOYMENT_TARGET = 10.14;
				MARKETING_VERSION = 1.0;
				OTHER_LDFLAGS = (
					"-framework",
					SafariServices,
					"-framework",
					WebKit,
				);
				PRODUCT_BUNDLE_IDENTIFIER = com.ASLIntepreter;
				PRODUCT_NAME = ASLIntepreter;
				SDKROOT = macosx;
				SWIFT_EMIT_LOC_STRINGS = YES;
				SWIFT_VERSION = 5.0;
			};
			name = Debug;
		};
		34BA51DC29E6FAB600A2975E /* Release */ = {
			isa = XCBuildConfiguration;
			buildSettings = {
				ALWAYS_EMBED_SWIFT_STANDARD_LIBRARIES = YES;
				ASSETCATALOG_COMPILER_APPICON_NAME = AppIcon;
				ASSETCATALOG_COMPILER_GLOBAL_ACCENT_COLOR_NAME = AccentColor;
				CODE_SIGN_ENTITLEMENTS = "macOS (App)/ASLIntepreter.entitlements";
				CODE_SIGN_STYLE = Automatic;
				CURRENT_PROJECT_VERSION = 1;
				ENABLE_HARDENED_RUNTIME = YES;
				GENERATE_INFOPLIST_FILE = YES;
				INFOPLIST_KEY_CFBundleDisplayName = ASLIntepreter;
				INFOPLIST_KEY_NSMainStoryboardFile = Main;
				INFOPLIST_KEY_NSPrincipalClass = NSApplication;
				LD_RUNPATH_SEARCH_PATHS = (
					"$(inherited)",
					"@executable_path/../Frameworks",
				);
				MACOSX_DEPLOYMENT_TARGET = 10.14;
				MARKETING_VERSION = 1.0;
				OTHER_LDFLAGS = (
					"-framework",
					SafariServices,
					"-framework",
					WebKit,
				);
				PRODUCT_BUNDLE_IDENTIFIER = com.ASLIntepreter;
				PRODUCT_NAME = ASLIntepreter;
				SDKROOT = macosx;
				SWIFT_EMIT_LOC_STRINGS = YES;
				SWIFT_VERSION = 5.0;
			};
			name = Release;
		};
/* End XCBuildConfiguration section */

/* Begin XCConfigurationList section */
		34BA516729E6FAB200A2975E /* Build configuration list for PBXProject "ASLIntepreter" */ = {
			isa = XCConfigurationList;
			buildConfigurations = (
				34BA51CD29E6FAB600A2975E /* Debug */,
				34BA51CE29E6FAB600A2975E /* Release */,
			);
			defaultConfigurationIsVisible = 0;
			defaultConfigurationName = Release;
		};
		34BA51CF29E6FAB600A2975E /* Build configuration list for PBXNativeTarget "ASLIntepreter Extension (iOS)" */ = {
			isa = XCConfigurationList;
			buildConfigurations = (
				34BA51D029E6FAB600A2975E /* Debug */,
				34BA51D129E6FAB600A2975E /* Release */,
			);
			defaultConfigurationIsVisible = 0;
			defaultConfigurationName = Release;
		};
		34BA51D329E6FAB600A2975E /* Build configuration list for PBXNativeTarget "ASLIntepreter (iOS)" */ = {
			isa = XCConfigurationList;
			buildConfigurations = (
				34BA51D429E6FAB600A2975E /* Debug */,
				34BA51D529E6FAB600A2975E /* Release */,
			);
			defaultConfigurationIsVisible = 0;
			defaultConfigurationName = Release;
		};
		34BA51D629E6FAB600A2975E /* Build configuration list for PBXNativeTarget "ASLIntepreter Extension (macOS)" */ = {
			isa = XCConfigurationList;
			buildConfigurations = (
				34BA51D729E6FAB600A2975E /* Debug */,
				34BA51D829E6FAB600A2975E /* Release */,
			);
			defaultConfigurationIsVisible = 0;
			defaultConfigurationName = Release;
		};
		34BA51DA29E6FAB600A2975E /* Build configuration list for PBXNativeTarget "ASLIntepreter (macOS)" */ = {
			isa = XCConfigurationList;
			buildConfigurations = (
				34BA51DB29E6FAB600A2975E /* Debug */,
				34BA51DC29E6FAB600A2975E /* Release */,
			);
			defaultConfigurationIsVisible = 0;
			defaultConfigurationName = Release;
		};
/* End XCConfigurationList section */
	};
	rootObject = 34BA516429E6FAB200A2975E /* Project object */;
}
